// !$*UTF8*$!
{
	archiveVersion = 1;
	classes = {
	};
	objectVersion = 46;
	objects = {

/* Begin PBXBuildFile section */
		6EE58E0D1A9F8ED300471EE5 /* main.m in Sources */ = {isa = PBXBuildFile; fileRef = 6EE58E0C1A9F8ED300471EE5 /* main.m */; };
		6EE58E101A9F8ED300471EE5 /* AppDelegate.m in Sources */ = {isa = PBXBuildFile; fileRef = 6EE58E0F1A9F8ED300471EE5 /* AppDelegate.m */; };
		6EE58E131A9F8ED300471EE5 /* ViewController.m in Sources */ = {isa = PBXBuildFile; fileRef = 6EE58E121A9F8ED300471EE5 /* ViewController.m */; };
		6EE58E161A9F8ED300471EE5 /* Main.storyboard in Resources */ = {isa = PBXBuildFile; fileRef = 6EE58E141A9F8ED300471EE5 /* Main.storyboard */; };
		6EE58E181A9F8ED300471EE5 /* Images.xcassets in Resources */ = {isa = PBXBuildFile; fileRef = 6EE58E171A9F8ED300471EE5 /* Images.xcassets */; };
		6EE58E1B1A9F8ED300471EE5 /* LaunchScreen.xib in Resources */ = {isa = PBXBuildFile; fileRef = 6EE58E191A9F8ED300471EE5 /* LaunchScreen.xib */; };
		6EE58E271A9F8ED300471EE5 /* MapViewTests.m in Sources */ = {isa = PBXBuildFile; fileRef = 6EE58E261A9F8ED300471EE5 /* MapViewTests.m */; };
		6EE58E331A9F8EEE00471EE5 /* MapKit.framework in Frameworks */ = {isa = PBXBuildFile; fileRef = 6EE58E321A9F8EEE00471EE5 /* MapKit.framework */; };
		6EE58E351A9F8F0B00471EE5 /* CoreData.framework in Frameworks */ = {isa = PBXBuildFile; fileRef = 6EE58E341A9F8F0B00471EE5 /* CoreData.framework */; };
/* End PBXBuildFile section */

/* Begin PBXContainerItemProxy section */
		6EE58E211A9F8ED300471EE5 /* PBXContainerItemProxy */ = {
			isa = PBXContainerItemProxy;
			containerPortal = 6EE58DFF1A9F8ED300471EE5 /* Project object */;
			proxyType = 1;
			remoteGlobalIDString = 6EE58E061A9F8ED300471EE5;
			remoteInfo = MapView;
		};
/* End PBXContainerItemProxy section */

/* Begin PBXFileReference section */
		6EE58E071A9F8ED300471EE5 /* MapView.app */ = {isa = PBXFileReference; explicitFileType = wrapper.application; includeInIndex = 0; path = MapView.app; sourceTree = BUILT_PRODUCTS_DIR; };
		6EE58E0B1A9F8ED300471EE5 /* Info.plist */ = {isa = PBXFileReference; lastKnownFileType = text.plist.xml; path = Info.plist; sourceTree = "<group>"; };
		6EE58E0C1A9F8ED300471EE5 /* main.m */ = {isa = PBXFileReference; lastKnownFileType = sourcecode.c.objc; path = main.m; sourceTree = "<group>"; };
		6EE58E0E1A9F8ED300471EE5 /* AppDelegate.h */ = {isa = PBXFileReference; lastKnownFileType = sourcecode.c.h; path = AppDelegate.h; sourceTree = "<group>"; };
		6EE58E0F1A9F8ED300471EE5 /* AppDelegate.m */ = {isa = PBXFileReference; lastKnownFileType = sourcecode.c.objc; path = AppDelegate.m; sourceTree = "<group>"; };
		6EE58E111A9F8ED300471EE5 /* ViewController.h */ = {isa = PBXFileReference; lastKnownFileType = sourcecode.c.h; path = ViewController.h; sourceTree = "<group>"; };
		6EE58E121A9F8ED300471EE5 /* ViewController.m */ = {isa = PBXFileReference; lastKnownFileType = sourcecode.c.objc; path = ViewController.m; sourceTree = "<group>"; };
		6EE58E151A9F8ED300471EE5 /* Base */ = {isa = PBXFileReference; lastKnownFileType = file.storyboard; name = Base; path = Base.lproj/Main.storyboard; sourceTree = "<group>"; };
		6EE58E171A9F8ED300471EE5 /* Images.xcassets */ = {isa = PBXFileReference; lastKnownFileType = folder.assetcatalog; path = Images.xcassets; sourceTree = "<group>"; };
		6EE58E1A1A9F8ED300471EE5 /* Base */ = {isa = PBXFileReference; lastKnownFileType = file.xib; name = Base; path = Base.lproj/LaunchScreen.xib; sourceTree = "<group>"; };
		6EE58E201A9F8ED300471EE5 /* MapViewTests.xctest */ = {isa = PBXFileReference; explicitFileType = wrapper.cfbundle; includeInIndex = 0; path = MapViewTests.xctest; sourceTree = BUILT_PRODUCTS_DIR; };
		6EE58E251A9F8ED300471EE5 /* Info.plist */ = {isa = PBXFileReference; lastKnownFileType = text.plist.xml; path = Info.plist; sourceTree = "<group>"; };
		6EE58E261A9F8ED300471EE5 /* MapViewTests.m */ = {isa = PBXFileReference; lastKnownFileType = sourcecode.c.objc; path = MapViewTests.m; sourceTree = "<group>"; };
		6EE58E321A9F8EEE00471EE5 /* MapKit.framework */ = {isa = PBXFileReference; lastKnownFileType = wrapper.framework; name = MapKit.framework; path = System/Library/Frameworks/MapKit.framework; sourceTree = SDKROOT; };
		6EE58E341A9F8F0B00471EE5 /* CoreData.framework */ = {isa = PBXFileReference; lastKnownFileType = wrapper.framework; name = CoreData.framework; path = System/Library/Frameworks/CoreData.framework; sourceTree = SDKROOT; };
/* End PBXFileReference section */

/* Begin PBXFrameworksBuildPhase section */
		6EE58E041A9F8ED300471EE5 /* Frameworks */ = {
			isa = PBXFrameworksBuildPhase;
			buildActionMask = 2147483647;
			files = (
				6EE58E351A9F8F0B00471EE5 /* CoreData.framework in Frameworks */,
				6EE58E331A9F8EEE00471EE5 /* MapKit.framework in Frameworks */,
			);
			runOnlyForDeploymentPostprocessing = 0;
		};
		6EE58E1D1A9F8ED300471EE5 /* Frameworks */ = {
			isa = PBXFrameworksBuildPhase;
			buildActionMask = 2147483647;
			files = (
			);
			runOnlyForDeploymentPostprocessing = 0;
		};
/* End PBXFrameworksBuildPhase section */

/* Begin PBXGroup section */
		6EE58DFE1A9F8ED300471EE5 = {
			isa = PBXGroup;
			children = (
				6EE58E341A9F8F0B00471EE5 /* CoreData.framework */,
				6EE58E321A9F8EEE00471EE5 /* MapKit.framework */,
				6EE58E091A9F8ED300471EE5 /* MapView */,
				6EE58E231A9F8ED300471EE5 /* MapViewTests */,
				6EE58E081A9F8ED300471EE5 /* Products */,
			);
			sourceTree = "<group>";
		};
		6EE58E081A9F8ED300471EE5 /* Products */ = {
			isa = PBXGroup;
			children = (
				6EE58E071A9F8ED300471EE5 /* MapView.app */,
				6EE58E201A9F8ED300471EE5 /* MapViewTests.xctest */,
			);
			name = Products;
			sourceTree = "<group>";
		};
		6EE58E091A9F8ED300471EE5 /* MapView */ = {
			isa = PBXGroup;
			children = (
				6EE58E0E1A9F8ED300471EE5 /* AppDelegate.h */,
				6EE58E0F1A9F8ED300471EE5 /* AppDelegate.m */,
				6EE58E111A9F8ED300471EE5 /* ViewController.h */,
				6EE58E121A9F8ED300471EE5 /* ViewController.m */,
				6EE58E141A9F8ED300471EE5 /* Main.storyboard */,
				6EE58E171A9F8ED300471EE5 /* Images.xcassets */,
				6EE58E191A9F8ED300471EE5 /* LaunchScreen.xib */,
				6EE58E0A1A9F8ED300471EE5 /* Supporting Files */,
			);
			path = MapView;
			sourceTree = "<group>";
		};
		6EE58E0A1A9F8ED300471EE5 /* Supporting Files */ = {
			isa = PBXGroup;
			children = (
				6EE58E0B1A9F8ED300471EE5 /* Info.plist */,
				6EE58E0C1A9F8ED300471EE5 /* main.m */,
			);
			name = "Supporting Files";
			sourceTree = "<group>";
		};
		6EE58E231A9F8ED300471EE5 /* MapViewTests */ = {
			isa = PBXGroup;
			children = (
				6EE58E261A9F8ED300471EE5 /* MapViewTests.m */,
				6EE58E241A9F8ED300471EE5 /* Supporting Files */,
			);
			path = MapViewTests;
			sourceTree = "<group>";
		};
		6EE58E241A9F8ED300471EE5 /* Supporting Files */ = {
			isa = PBXGroup;
			children = (
				6EE58E251A9F8ED300471EE5 /* Info.plist */,
			);
			name = "Supporting Files";
			sourceTree = "<group>";
		};
/* End PBXGroup section */

/* Begin PBXNativeTarget section */
		6EE58E061A9F8ED300471EE5 /* MapView */ = {
			isa = PBXNativeTarget;
			buildConfigurationList = 6EE58E2A1A9F8ED300471EE5 /* Build configuration list for PBXNativeTarget "MapView" */;
			buildPhases = (
				6EE58E031A9F8ED300471EE5 /* Sources */,
				6EE58E041A9F8ED300471EE5 /* Frameworks */,
				6EE58E051A9F8ED300471EE5 /* Resources */,
			);
			buildRules = (
			);
			dependencies = (
			);
			name = MapView;
			productName = MapView;
			productReference = 6EE58E071A9F8ED300471EE5 /* MapView.app */;
			productType = "com.apple.product-type.application";
		};
		6EE58E1F1A9F8ED300471EE5 /* MapViewTests */ = {
			isa = PBXNativeTarget;
			buildConfigurationList = 6EE58E2D1A9F8ED300471EE5 /* Build configuration list for PBXNativeTarget "MapViewTests" */;
			buildPhases = (
				6EE58E1C1A9F8ED300471EE5 /* Sources */,
				6EE58E1D1A9F8ED300471EE5 /* Frameworks */,
				6EE58E1E1A9F8ED300471EE5 /* Resources */,
			);
			buildRules = (
			);
			dependencies = (
				6EE58E221A9F8ED300471EE5 /* PBXTargetDependency */,
			);
			name = MapViewTests;
			productName = MapViewTests;
			productReference = 6EE58E201A9F8ED300471EE5 /* MapViewTests.xctest */;
			productType = "com.apple.product-type.bundle.unit-test";
		};
/* End PBXNativeTarget section */

/* Begin PBXProject section */
		6EE58DFF1A9F8ED300471EE5 /* Project object */ = {
			isa = PBXProject;
			attributes = {
				LastUpgradeCheck = 0610;
				ORGANIZATIONNAME = "Felipe Marques Ramos";
				TargetAttributes = {
					6EE58E061A9F8ED300471EE5 = {
						CreatedOnToolsVersion = 6.1.1;
						SystemCapabilities = {
							com.apple.Maps.iOS = {
								enabled = 1;
							};
						};
					};
					6EE58E1F1A9F8ED300471EE5 = {
						CreatedOnToolsVersion = 6.1.1;
						TestTargetID = 6EE58E061A9F8ED300471EE5;
					};
				};
			};
			buildConfigurationList = 6EE58E021A9F8ED300471EE5 /* Build configuration list for PBXProject "MapView" */;
			compatibilityVersion = "Xcode 3.2";
			developmentRegion = English;
			hasScannedForEncodings = 0;
			knownRegions = (
				en,
				Base,
			);
			mainGroup = 6EE58DFE1A9F8ED300471EE5;
			productRefGroup = 6EE58E081A9F8ED300471EE5 /* Products */;
			projectDirPath = "";
			projectRoot = "";
			targets = (
				6EE58E061A9F8ED300471EE5 /* MapView */,
				6EE58E1F1A9F8ED300471EE5 /* MapViewTests */,
			);
		};
/* End PBXProject section */

/* Begin PBXResourcesBuildPhase section */
		6EE58E051A9F8ED300471EE5 /* Resources */ = {
			isa = PBXResourcesBuildPhase;
			buildActionMask = 2147483647;
			files = (
				6EE58E161A9F8ED300471EE5 /* Main.storyboard in Resources */,
				6EE58E1B1A9F8ED300471EE5 /* LaunchScreen.xib in Resources */,
				6EE58E181A9F8ED300471EE5 /* Images.xcassets in Resources */,
			);
			runOnlyForDeploymentPostprocessing = 0;
		};
		6EE58E1E1A9F8ED300471EE5 /* Resources */ = {
			isa = PBXResourcesBuildPhase;
			buildActionMask = 2147483647;
			files = (
			);
			runOnlyForDeploymentPostprocessing = 0;
		};
/* End PBXResourcesBuildPhase section */

/* Begin PBXSourcesBuildPhase section */
		6EE58E031A9F8ED300471EE5 /* Sources */ = {
			isa = PBXSourcesBuildPhase;
			buildActionMask = 2147483647;
			files = (
				6EE58E131A9F8ED300471EE5 /* ViewController.m in Sources */,
				6EE58E101A9F8ED300471EE5 /* AppDelegate.m in Sources */,
				6EE58E0D1A9F8ED300471EE5 /* main.m in Sources */,
			);
			runOnlyForDeploymentPostprocessing = 0;
		};
		6EE58E1C1A9F8ED300471EE5 /* Sources */ = {
			isa = PBXSourcesBuildPhase;
			buildActionMask = 2147483647;
			files = (
				6EE58E271A9F8ED300471EE5 /* MapViewTests.m in Sources */,
			);
			runOnlyForDeploymentPostprocessing = 0;
		};
/* End PBXSourcesBuildPhase section */

/* Begin PBXTargetDependency section */
		6EE58E221A9F8ED300471EE5 /* PBXTargetDependency */ = {
			isa = PBXTargetDependency;
			target = 6EE58E061A9F8ED300471EE5 /* MapView */;
			targetProxy = 6EE58E211A9F8ED300471EE5 /* PBXContainerItemProxy */;
		};
/* End PBXTargetDependency section */

/* Begin PBXVariantGroup section */
		6EE58E141A9F8ED300471EE5 /* Main.storyboard */ = {
			isa = PBXVariantGroup;
			children = (
				6EE58E151A9F8ED300471EE5 /* Base */,
			);
			name = Main.storyboard;
			sourceTree = "<group>";
		};
		6EE58E191A9F8ED300471EE5 /* LaunchScreen.xib */ = {
			isa = PBXVariantGroup;
			children = (
				6EE58E1A1A9F8ED300471EE5 /* Base */,
			);
			name = LaunchScreen.xib;
			sourceTree = "<group>";
		};
/* End PBXVariantGroup section */

/* Begin XCBuildConfiguration section */
		6EE58E281A9F8ED300471EE5 /* Debug */ = {
			isa = XCBuildConfiguration;
			buildSettings = {
				ALWAYS_SEARCH_USER_PATHS = NO;
				CLANG_CXX_LANGUAGE_STANDARD = "gnu++0x";
				CLANG_CXX_LIBRARY = "libc++";
				CLANG_ENABLE_MODULES = YES;
				CLANG_ENABLE_OBJC_ARC = YES;
				CLANG_WARN_BOOL_CONVERSION = YES;
				CLANG_WARN_CONSTANT_CONVERSION = YES;
				CLANG_WARN_DIRECT_OBJC_ISA_USAGE = YES_ERROR;
				CLANG_WARN_EMPTY_BODY = YES;
				CLANG_WARN_ENUM_CONVERSION = YES;
				CLANG_WARN_INT_CONVERSION = YES;
				CLANG_WARN_OBJC_ROOT_CLASS = YES_ERROR;
				CLANG_WARN_UNREACHABLE_CODE = YES;
				CLANG_WARN__DUPLICATE_METHOD_MATCH = YES;
				"CODE_SIGN_IDENTITY[sdk=iphoneos*]" = "iPhone Developer";
				COPY_PHASE_STRIP = NO;
				ENABLE_STRICT_OBJC_MSGSEND = YES;
				GCC_C_LANGUAGE_STANDARD = gnu99;
				GCC_DYNAMIC_NO_PIC = NO;
				GCC_OPTIMIZATION_LEVEL = 0;
				GCC_PREPROCESSOR_DEFINITIONS = (
					"DEBUG=1",
					"$(inherited)",
				);
				GCC_SYMBOLS_PRIVATE_EXTERN = NO;
				GCC_WARN_64_TO_32_BIT_CONVERSION = YES;
				GCC_WARN_ABOUT_RETURN_TYPE = YES_ERROR;
				GCC_WARN_UNDECLARED_SELECTOR = YES;
				GCC_WARN_UNINITIALIZED_AUTOS = YES_AGGRESSIVE;
				GCC_WARN_UNUSED_FUNCTION = YES;
				GCC_WARN_UNUSED_VARIABLE = YES;
				IPHONEOS_DEPLOYMENT_TARGET = 8.1;
				MTL_ENABLE_DEBUG_INFO = YES;
				ONLY_ACTIVE_ARCH = YES;
				SDKROOT = iphoneos;
				TARGETED_DEVICE_FAMILY = "1,2";
			};
			name = Debug;
		};
		6EE58E291A9F8ED300471EE5 /* Release */ = {
			isa = XCBuildConfiguration;
			buildSettings = {
				ALWAYS_SEARCH_USER_PATHS = NO;
				CLANG_CXX_LANGUAGE_STANDARD = "gnu++0x";
				CLANG_CXX_LIBRARY = "libc++";
				CLANG_ENABLE_MODULES = YES;
				CLANG_ENABLE_OBJC_ARC = YES;
				CLANG_WARN_BOOL_CONVERSION = YES;
				CLANG_WARN_CONSTANT_CONVERSION = YES;
				CLANG_WARN_DIRECT_OBJC_ISA_USAGE = YES_ERROR;
				CLANG_WARN_EMPTY_BODY = YES;
				CLANG_WARN_ENUM_CONVERSION = YES;
				CLANG_WARN_INT_CONVERSION = YES;
				CLANG_WARN_OBJC_ROOT_CLASS = YES_ERROR;
				CLANG_WARN_UNREACHABLE_CODE = YES;
				CLANG_WARN__DUPLICATE_METHOD_MATCH = YES;
				"CODE_SIGN_IDENTITY[sdk=iphoneos*]" = "iPhone Developer";
				COPY_PHASE_STRIP = YES;
				ENABLE_NS_ASSERTIONS = NO;
				ENABLE_STRICT_OBJC_MSGSEND = YES;
				GCC_C_LANGUAGE_STANDARD = gnu99;
				GCC_WARN_64_TO_32_BIT_CONVERSION = YES;
				GCC_WARN_ABOUT_RETURN_TYPE = YES_ERROR;
				GCC_WARN_UNDECLARED_SELECTOR = YES;
				GCC_WARN_UNINITIALIZED_AUTOS = YES_AGGRESSIVE;
				GCC_WARN_UNUSED_FUNCTION = YES;
				GCC_WARN_UNUSED_VARIABLE = YES;
				IPHONEOS_DEPLOYMENT_TARGET = 8.1;
				MTL_ENABLE_DEBUG_INFO = NO;
				SDKROOT = iphoneos;
				TARGETED_DEVICE_FAMILY = "1,2";
				VALIDATE_PRODUCT = YES;
			};
			name = Release;
		};
		6EE58E2B1A9F8ED300471EE5 /* Debug */ = {
			isa = XCBuildConfiguration;
			buildSettings = {
				ASSETCATALOG_COMPILER_APPICON_NAME = AppIcon;
				INFOPLIST_FILE = MapView/Info.plist;
				LD_RUNPATH_SEARCH_PATHS = "$(inherited) @executable_path/Frameworks";
				PRODUCT_NAME = "$(TARGET_NAME)";
			};
			name = Debug;
		};
		6EE58E2C1A9F8ED300471EE5 /* Release */ = {
			isa = XCBuildConfiguration;
			buildSettings = {
				ASSETCATALOG_COMPILER_APPICON_NAME = AppIcon;
				INFOPLIST_FILE = MapView/Info.plist;
				LD_RUNPATH_SEARCH_PATHS = "$(inherited) @executable_path/Frameworks";
				PRODUCT_NAME = "$(TARGET_NAME)";
			};
			name = Release;
		};
		6EE58E2E1A9F8ED300471EE5 /* Debug */ = {
			isa = XCBuildConfiguration;
			buildSettings = {
				BUNDLE_LOADER = "$(TEST_HOST)";
				FRAMEWORK_SEARCH_PATHS = (
					"$(SDKROOT)/Developer/Library/Frameworks",
					"$(inherited)",
				);
				GCC_PREPROCESSOR_DEFINITIONS = (
					"DEBUG=1",
					"$(inherited)",
				);
				INFOPLIST_FILE = MapViewTests/Info.plist;
				LD_RUNPATH_SEARCH_PATHS = "$(inherited) @executable_path/Frameworks @loader_path/Frameworks";
				PRODUCT_NAME = "$(TARGET_NAME)";
				TEST_HOST = "$(BUILT_PRODUCTS_DIR)/MapView.app/MapView";
			};
			name = Debug;
		};
		6EE58E2F1A9F8ED300471EE5 /* Release */ = {
			isa = XCBuildConfiguration;
			buildSettings = {
				BUNDLE_LOADER = "$(TEST_HOST)";
				FRAMEWORK_SEARCH_PATHS = (
					"$(SDKROOT)/Developer/Library/Frameworks",
					"$(inherited)",
				);
				INFOPLIST_FILE = MapViewTests/Info.plist;
				LD_RUNPATH_SEARCH_PATHS = "$(inherited) @executable_path/Frameworks @loader_path/Frameworks";
				PRODUCT_NAME = "$(TARGET_NAME)";
				TEST_HOST = "$(BUILT_PRODUCTS_DIR)/MapView.app/MapView";
			};
			name = Release;
		};
/* End XCBuildConfiguration section */

/* Begin XCConfigurationList section */
		6EE58E021A9F8ED300471EE5 /* Build configuration list for PBXProject "MapView" */ = {
			isa = XCConfigurationList;
			buildConfigurations = (
				6EE58E281A9F8ED300471EE5 /* Debug */,
				6EE58E291A9F8ED300471EE5 /* Release */,
			);
			defaultConfigurationIsVisible = 0;
			defaultConfigurationName = Release;
		};
		6EE58E2A1A9F8ED300471EE5 /* Build configuration list for PBXNativeTarget "MapView" */ = {
			isa = XCConfigurationList;
			buildConfigurations = (
				6EE58E2B1A9F8ED300471EE5 /* Debug */,
				6EE58E2C1A9F8ED300471EE5 /* Release */,
			);
			defaultConfigurationIsVisible = 0;
		};
		6EE58E2D1A9F8ED300471EE5 /* Build configuration list for PBXNativeTarget "MapViewTests" */ = {
			isa = XCConfigurationList;
			buildConfigurations = (
				6EE58E2E1A9F8ED300471EE5 /* Debug */,
				6EE58E2F1A9F8ED300471EE5 /* Release */,
			);
			defaultConfigurationIsVisible = 0;
		};
/* End XCConfigurationList section */
	};
	rootObject = 6EE58DFF1A9F8ED300471EE5 /* Project object */;
}
